
Microsoft Visual Studio Solution File, Format Version 12.00
# Visual Studio 14
VisualStudioVersion = 14.0.22823.1
MinimumVisualStudioVersion = 10.0.40219.1
Project("{2150E333-8FDC-42A3-9474-1A3956D46DE8}") = "src", "src", "{3577F0D1-4B4C-4FF4-8D22-E24346718E55}"
EndProject
Project("{2150E333-8FDC-42A3-9474-1A3956D46DE8}") = "Solution Items", "Solution Items", "{289FBC85-1D0E-4264-8357-8EED180D3503}"
	ProjectSection(SolutionItems) = preProject
		global.json = global.json
	EndProjectSection
EndProject
Project("{8BB2217D-0F2D-49D1-97BC-3654ED321F3B}") = "AspNet5IntegrationTesting", "src\AspNet5IntegrationTesting\AspNet5IntegrationTesting.xproj", "{D41D742B-92C5-45A2-B453-586C3875F0DB}"
EndProject
Global
	GlobalSection(SolutionConfigurationPlatforms) = preSolution
		Debug|Any CPU = Debug|Any CPU
		Release|Any CPU = Release|Any CPU
	EndGlobalSection
	GlobalSection(ProjectConfigurationPlatforms) = postSolution
		{D41D742B-92C5-45A2-B453-586C3875F0DB}.Debug|Any CPU.ActiveCfg = Debug|Any CPU
		{D41D742B-92C5-45A2-B453-586C3875F0DB}.Debug|Any CPU.Build.0 = Debug|Any CPU
		{D41D742B-92C5-45A2-B453-586C3875F0DB}.Release|Any CPU.ActiveCfg = Release|Any CPU
		{D41D742B-92C5-45A2-B453-586C3875F0DB}.Release|Any CPU.Build.0 = Release|Any CPU
	EndGlobalSection
	GlobalSection(SolutionProperties) = preSolution
		HideSolutionNode = FALSE
	EndGlobalSection
	GlobalSection(NestedProjects) = preSolution
		{D41D742B-92C5-45A2-B453-586C3875F0DB} = {3577F0D1-4B4C-4FF4-8D22-E24346718E55}
	EndGlobalSection
EndGlobal
